
Microsoft Visual Studio Solution File, Format Version 12.00
# Visual Studio 15
VisualStudioVersion = 15.0.28010.2036
MinimumVisualStudioVersion = 10.0.40219.1
Project("{FAE04EC0-301F-11D3-BF4B-00C04F79EFBC}") = "StackDataStructure", "StackDataStructure\StackDataStructure.csproj", "{76AAC6DE-0528-4572-AC2D-DF62B4C908FE}"
EndProject
Global
	GlobalSection(SolutionConfigurationPlatforms) = preSolution
		Debug|Any CPU = Debug|Any CPU
		Release|Any CPU = Release|Any CPU
	EndGlobalSection
	GlobalSection(ProjectConfigurationPlatforms) = postSolution
		{76AAC6DE-0528-4572-AC2D-DF62B4C908FE}.Debug|Any CPU.ActiveCfg = Debug|Any CPU
		{76AAC6DE-0528-4572-AC2D-DF62B4C908FE}.Debug|Any CPU.Build.0 = Debug|Any CPU
		{76AAC6DE-0528-4572-AC2D-DF62B4C908FE}.Release|Any CPU.ActiveCfg = Release|Any CPU
		{76AAC6DE-0528-4572-AC2D-DF62B4C908FE}.Release|Any CPU.Build.0 = Release|Any CPU
	EndGlobalSection
	GlobalSection(SolutionProperties) = preSolution
		HideSolutionNode = FALSE
	EndGlobalSection
	GlobalSection(ExtensibilityGlobals) = postSolution
		SolutionGuid = {150CE37E-1507-4041-9CF5-C4CF5E157A64}
	EndGlobalSection
EndGlobal
